
Microsoft Visual Studio Solution File, Format Version 12.00
# Visual Studio Version 16
VisualStudioVersion = 16.0.31321.278
MinimumVisualStudioVersion = 10.0.40219.1
Project("{2150E333-8FDC-42A3-9474-1A3956D46DE8}") = "Services", "Services", "{3094F3F5-7DA4-4189-AD5E-26889F4769D1}"
EndProject
Project("{2150E333-8FDC-42A3-9474-1A3956D46DE8}") = "Catalog", "Catalog", "{FC0DC8D2-1030-4EBC-8A82-6BAFE8ACEDB4}"
EndProject
Project("{9A19103F-16F7-4668-BE54-9A1E7A4F7556}") = "Catalog.API", "Services\Catalog\Catalog.API\Catalog.API.csproj", "{D0C83B9E-66FF-48A1-808A-C595A9FD397E}"
EndProject
Project("{E53339B2-1760-4266-BCC7-CA923CBCF16C}") = "docker-compose", "docker-compose.dcproj", "{C9A33859-D1C7-4F03-ADA1-43F6BF4AF153}"
EndProject
Project("{2150E333-8FDC-42A3-9474-1A3956D46DE8}") = "Basket", "Basket", "{E7FF869E-CC06-4390-BEFF-0891B696F837}"
EndProject
Project("{9A19103F-16F7-4668-BE54-9A1E7A4F7556}") = "Basket.API", "Services\Basket\Basket.API\Basket.API.csproj", "{68B0089A-A834-462C-B56E-2E37C7409024}"
EndProject
Project("{2150E333-8FDC-42A3-9474-1A3956D46DE8}") = "Discount", "Discount", "{8115CC59-BA91-43E0-896A-62EF43C2E53F}"
EndProject
Project("{9A19103F-16F7-4668-BE54-9A1E7A4F7556}") = "Discount.API", "Services\Discount\Discount.API\Discount.API.csproj", "{9C147D2E-8E48-4879-B973-15DE6827B005}"
EndProject
Project("{9A19103F-16F7-4668-BE54-9A1E7A4F7556}") = "Discount.Grpc", "Services\Discount\Discount.Grpc\Discount.Grpc.csproj", "{51650D3F-7AD0-455F-9605-CFDA9D0AE371}"
EndProject
Project("{2150E333-8FDC-42A3-9474-1A3956D46DE8}") = "Ordering", "Ordering", "{3583669D-484F-4992-B20C-57E7FC639AB9}"
EndProject
Project("{9A19103F-16F7-4668-BE54-9A1E7A4F7556}") = "Ordering.API", "Services\Ordering\Ordering.API\Ordering.API.csproj", "{50369DB1-73E6-43C9-A0C5-DA4F09B72582}"
EndProject
Project("{9A19103F-16F7-4668-BE54-9A1E7A4F7556}") = "Ordering.Domain", "Services\Ordering\Ordering.Domain\Ordering.Domain.csproj", "{2584B45A-01E9-4F59-AD0B-A106B9760DBB}"
EndProject
Project("{9A19103F-16F7-4668-BE54-9A1E7A4F7556}") = "Ordering.Application", "Services\Ordering\Ordering.Application\Ordering.Application.csproj", "{37F4CA29-E278-4C29-9300-C844E4040DFF}"
EndProject
Project("{9A19103F-16F7-4668-BE54-9A1E7A4F7556}") = "Ordering.Infrastructure", "Services\Ordering\Ordering.Infrastructure\Ordering.Infrastructure.csproj", "{0B46DA64-DCC9-4EA1-A325-5E6CCCB00D6E}"
EndProject
Project("{2150E333-8FDC-42A3-9474-1A3956D46DE8}") = "BuildingBlocks", "BuildingBlocks", "{1F4FBE76-2F98-48BE-957F-ACCE05D414C9}"
EndProject
Project("{FAE04EC0-301F-11D3-BF4B-00C04F79EFBC}") = "EventBus.Messages", "BuildingBlocks\EventBus.Messages\EventBus.Messages.csproj", "{8CB99C74-9B94-4363-ABBE-28BCCE2DABE9}"
EndProject
Global
	GlobalSection(SolutionConfigurationPlatforms) = preSolution
		Debug|Any CPU = Debug|Any CPU
		Release|Any CPU = Release|Any CPU
	EndGlobalSection
	GlobalSection(ProjectConfigurationPlatforms) = postSolution
		{D0C83B9E-66FF-48A1-808A-C595A9FD397E}.Debug|Any CPU.ActiveCfg = Debug|Any CPU
		{D0C83B9E-66FF-48A1-808A-C595A9FD397E}.Debug|Any CPU.Build.0 = Debug|Any CPU
		{D0C83B9E-66FF-48A1-808A-C595A9FD397E}.Release|Any CPU.ActiveCfg = Release|Any CPU
		{D0C83B9E-66FF-48A1-808A-C595A9FD397E}.Release|Any CPU.Build.0 = Release|Any CPU
		{C9A33859-D1C7-4F03-ADA1-43F6BF4AF153}.Debug|Any CPU.ActiveCfg = Debug|Any CPU
		{C9A33859-D1C7-4F03-ADA1-43F6BF4AF153}.Debug|Any CPU.Build.0 = Debug|Any CPU
		{C9A33859-D1C7-4F03-ADA1-43F6BF4AF153}.Release|Any CPU.ActiveCfg = Release|Any CPU
		{C9A33859-D1C7-4F03-ADA1-43F6BF4AF153}.Release|Any CPU.Build.0 = Release|Any CPU
		{68B0089A-A834-462C-B56E-2E37C7409024}.Debug|Any CPU.ActiveCfg = Debug|Any CPU
		{68B0089A-A834-462C-B56E-2E37C7409024}.Debug|Any CPU.Build.0 = Debug|Any CPU
		{68B0089A-A834-462C-B56E-2E37C7409024}.Release|Any CPU.ActiveCfg = Release|Any CPU
		{68B0089A-A834-462C-B56E-2E37C7409024}.Release|Any CPU.Build.0 = Release|Any CPU
		{9C147D2E-8E48-4879-B973-15DE6827B005}.Debug|Any CPU.ActiveCfg = Debug|Any CPU
		{9C147D2E-8E48-4879-B973-15DE6827B005}.Debug|Any CPU.Build.0 = Debug|Any CPU
		{9C147D2E-8E48-4879-B973-15DE6827B005}.Release|Any CPU.ActiveCfg = Release|Any CPU
		{9C147D2E-8E48-4879-B973-15DE6827B005}.Release|Any CPU.Build.0 = Release|Any CPU
		{51650D3F-7AD0-455F-9605-CFDA9D0AE371}.Debug|Any CPU.ActiveCfg = Debug|Any CPU
		{51650D3F-7AD0-455F-9605-CFDA9D0AE371}.Debug|Any CPU.Build.0 = Debug|Any CPU
		{51650D3F-7AD0-455F-9605-CFDA9D0AE371}.Release|Any CPU.ActiveCfg = Release|Any CPU
		{51650D3F-7AD0-455F-9605-CFDA9D0AE371}.Release|Any CPU.Build.0 = Release|Any CPU
		{50369DB1-73E6-43C9-A0C5-DA4F09B72582}.Debug|Any CPU.ActiveCfg = Debug|Any CPU
		{50369DB1-73E6-43C9-A0C5-DA4F09B72582}.Debug|Any CPU.Build.0 = Debug|Any CPU
		{50369DB1-73E6-43C9-A0C5-DA4F09B72582}.Release|Any CPU.ActiveCfg = Release|Any CPU
		{50369DB1-73E6-43C9-A0C5-DA4F09B72582}.Release|Any CPU.Build.0 = Release|Any CPU
		{2584B45A-01E9-4F59-AD0B-A106B9760DBB}.Debug|Any CPU.ActiveCfg = Debug|Any CPU
		{2584B45A-01E9-4F59-AD0B-A106B9760DBB}.Debug|Any CPU.Build.0 = Debug|Any CPU
		{2584B45A-01E9-4F59-AD0B-A106B9760DBB}.Release|Any CPU.ActiveCfg = Release|Any CPU
		{2584B45A-01E9-4F59-AD0B-A106B9760DBB}.Release|Any CPU.Build.0 = Release|Any CPU
		{37F4CA29-E278-4C29-9300-C844E4040DFF}.Debug|Any CPU.ActiveCfg = Debug|Any CPU
		{37F4CA29-E278-4C29-9300-C844E4040DFF}.Debug|Any CPU.Build.0 = Debug|Any CPU
		{37F4CA29-E278-4C29-9300-C844E4040DFF}.Release|Any CPU.ActiveCfg = Release|Any CPU
		{37F4CA29-E278-4C29-9300-C844E4040DFF}.Release|Any CPU.Build.0 = Release|Any CPU
		{0B46DA64-DCC9-4EA1-A325-5E6CCCB00D6E}.Debug|Any CPU.ActiveCfg = Debug|Any CPU
		{0B46DA64-DCC9-4EA1-A325-5E6CCCB00D6E}.Debug|Any CPU.Build.0 = Debug|Any CPU
		{0B46DA64-DCC9-4EA1-A325-5E6CCCB00D6E}.Release|Any CPU.ActiveCfg = Release|Any CPU
		{0B46DA64-DCC9-4EA1-A325-5E6CCCB00D6E}.Release|Any CPU.Build.0 = Release|Any CPU
		{8CB99C74-9B94-4363-ABBE-28BCCE2DABE9}.Debug|Any CPU.ActiveCfg = Debug|Any CPU
		{8CB99C74-9B94-4363-ABBE-28BCCE2DABE9}.Debug|Any CPU.Build.0 = Debug|Any CPU
		{8CB99C74-9B94-4363-ABBE-28BCCE2DABE9}.Release|Any CPU.ActiveCfg = Release|Any CPU
		{8CB99C74-9B94-4363-ABBE-28BCCE2DABE9}.Release|Any CPU.Build.0 = Release|Any CPU
	EndGlobalSection
	GlobalSection(SolutionProperties) = preSolution
		HideSolutionNode = FALSE
	EndGlobalSection
	GlobalSection(NestedProjects) = preSolution
		{FC0DC8D2-1030-4EBC-8A82-6BAFE8ACEDB4} = {3094F3F5-7DA4-4189-AD5E-26889F4769D1}
		{D0C83B9E-66FF-48A1-808A-C595A9FD397E} = {FC0DC8D2-1030-4EBC-8A82-6BAFE8ACEDB4}
		{E7FF869E-CC06-4390-BEFF-0891B696F837} = {3094F3F5-7DA4-4189-AD5E-26889F4769D1}
		{68B0089A-A834-462C-B56E-2E37C7409024} = {E7FF869E-CC06-4390-BEFF-0891B696F837}
		{8115CC59-BA91-43E0-896A-62EF43C2E53F} = {3094F3F5-7DA4-4189-AD5E-26889F4769D1}
		{9C147D2E-8E48-4879-B973-15DE6827B005} = {8115CC59-BA91-43E0-896A-62EF43C2E53F}
		{51650D3F-7AD0-455F-9605-CFDA9D0AE371} = {8115CC59-BA91-43E0-896A-62EF43C2E53F}
		{3583669D-484F-4992-B20C-57E7FC639AB9} = {3094F3F5-7DA4-4189-AD5E-26889F4769D1}
		{50369DB1-73E6-43C9-A0C5-DA4F09B72582} = {3583669D-484F-4992-B20C-57E7FC639AB9}
		{2584B45A-01E9-4F59-AD0B-A106B9760DBB} = {3583669D-484F-4992-B20C-57E7FC639AB9}
		{37F4CA29-E278-4C29-9300-C844E4040DFF} = {3583669D-484F-4992-B20C-57E7FC639AB9}
		{0B46DA64-DCC9-4EA1-A325-5E6CCCB00D6E} = {3583669D-484F-4992-B20C-57E7FC639AB9}
		{8CB99C74-9B94-4363-ABBE-28BCCE2DABE9} = {1F4FBE76-2F98-48BE-957F-ACCE05D414C9}
	EndGlobalSection
	GlobalSection(ExtensibilityGlobals) = postSolution
		SolutionGuid = {25659E44-9EF2-4A00-93CA-FF9337676B3C}
	EndGlobalSection
EndGlobal
